// !$*UTF8*$!
{
	archiveVersion = 1;
	classes = {
	};
	objectVersion = 56;
	objects = {

/* Begin PBXBuildFile section */
		12724D6629429F0C004B3E5F /* Day.swift in Sources */ = {isa = PBXBuildFile; fileRef = 12724D6529429F0C004B3E5F /* Day.swift */; };
		12724D682942FFAD004B3E5F /* Week.swift in Sources */ = {isa = PBXBuildFile; fileRef = 12724D672942FFAD004B3E5F /* Week.swift */; };
		12724D6A2943066D004B3E5F /* Objects.swift in Sources */ = {isa = PBXBuildFile; fileRef = 12724D692943066D004B3E5F /* Objects.swift */; };
		12724D6C2943076B004B3E5F /* Chart.swift in Sources */ = {isa = PBXBuildFile; fileRef = 12724D6B2943076B004B3E5F /* Chart.swift */; };
		12724D6E29430997004B3E5F /* Tabs.swift in Sources */ = {isa = PBXBuildFile; fileRef = 12724D6D29430997004B3E5F /* Tabs.swift */; };
		12724D70294309D3004B3E5F /* ProfileView.swift in Sources */ = {isa = PBXBuildFile; fileRef = 12724D6F294309D3004B3E5F /* ProfileView.swift */; };
		129757A229401C8A00E38BC5 /* FitkeepingApp.swift in Sources */ = {isa = PBXBuildFile; fileRef = 129757A129401C8A00E38BC5 /* FitkeepingApp.swift */; };
		129757A429401C8A00E38BC5 /* ContentView.swift in Sources */ = {isa = PBXBuildFile; fileRef = 129757A329401C8A00E38BC5 /* ContentView.swift */; };
		129757A629401C8B00E38BC5 /* Assets.xcassets in Resources */ = {isa = PBXBuildFile; fileRef = 129757A529401C8B00E38BC5 /* Assets.xcassets */; };
		129757A929401C8B00E38BC5 /* Preview Assets.xcassets in Resources */ = {isa = PBXBuildFile; fileRef = 129757A829401C8B00E38BC5 /* Preview Assets.xcassets */; };
		129757B129401CEF00E38BC5 /* HeaderView.swift in Sources */ = {isa = PBXBuildFile; fileRef = 129757B029401CEF00E38BC5 /* HeaderView.swift */; };
		129757B429401E5B00E38BC5 /* Extensions.swift in Sources */ = {isa = PBXBuildFile; fileRef = 129757B329401E5B00E38BC5 /* Extensions.swift */; };
		129757BC29402D5200E38BC5 /* DashboardView.swift in Sources */ = {isa = PBXBuildFile; fileRef = 129757BB29402D5200E38BC5 /* DashboardView.swift */; };
/* End PBXBuildFile section */

/* Begin PBXFileReference section */
		12724D6529429F0C004B3E5F /* Day.swift */ = {isa = PBXFileReference; lastKnownFileType = sourcecode.swift; path = Day.swift; sourceTree = "<group>"; };
		12724D672942FFAD004B3E5F /* Week.swift */ = {isa = PBXFileReference; lastKnownFileType = sourcecode.swift; path = Week.swift; sourceTree = "<group>"; };
		12724D692943066D004B3E5F /* Objects.swift */ = {isa = PBXFileReference; lastKnownFileType = sourcecode.swift; path = Objects.swift; sourceTree = "<group>"; };
		12724D6B2943076B004B3E5F /* Chart.swift */ = {isa = PBXFileReference; lastKnownFileType = sourcecode.swift; path = Chart.swift; sourceTree = "<group>"; usesTabs = 0; };
		12724D6D29430997004B3E5F /* Tabs.swift */ = {isa = PBXFileReference; lastKnownFileType = sourcecode.swift; path = Tabs.swift; sourceTree = "<group>"; };
		12724D6F294309D3004B3E5F /* ProfileView.swift */ = {isa = PBXFileReference; lastKnownFileType = sourcecode.swift; path = ProfileView.swift; sourceTree = "<group>"; };
		1297579E29401C8A00E38BC5 /* Fitkeeping.app */ = {isa = PBXFileReference; explicitFileType = wrapper.application; includeInIndex = 0; path = Fitkeeping.app; sourceTree = BUILT_PRODUCTS_DIR; };
		129757A129401C8A00E38BC5 /* FitkeepingApp.swift */ = {isa = PBXFileReference; lastKnownFileType = sourcecode.swift; path = FitkeepingApp.swift; sourceTree = "<group>"; };
		129757A329401C8A00E38BC5 /* ContentView.swift */ = {isa = PBXFileReference; lastKnownFileType = sourcecode.swift; path = ContentView.swift; sourceTree = "<group>"; };
		129757A529401C8B00E38BC5 /* Assets.xcassets */ = {isa = PBXFileReference; lastKnownFileType = folder.assetcatalog; path = Assets.xcassets; sourceTree = "<group>"; };
		129757A829401C8B00E38BC5 /* Preview Assets.xcassets */ = {isa = PBXFileReference; lastKnownFileType = folder.assetcatalog; path = "Preview Assets.xcassets"; sourceTree = "<group>"; };
		129757B029401CEF00E38BC5 /* HeaderView.swift */ = {isa = PBXFileReference; lastKnownFileType = sourcecode.swift; path = HeaderView.swift; sourceTree = "<group>"; };
		129757B329401E5B00E38BC5 /* Extensions.swift */ = {isa = PBXFileReference; lastKnownFileType = sourcecode.swift; path = Extensions.swift; sourceTree = "<group>"; };
		129757BB29402D5200E38BC5 /* DashboardView.swift */ = {isa = PBXFileReference; lastKnownFileType = sourcecode.swift; path = DashboardView.swift; sourceTree = "<group>"; usesTabs = 0; };
/* End PBXFileReference section */

/* Begin PBXFrameworksBuildPhase section */
		1297579B29401C8A00E38BC5 /* Frameworks */ = {
			isa = PBXFrameworksBuildPhase;
			buildActionMask = 2147483647;
			files = (
			);
			runOnlyForDeploymentPostprocessing = 0;
		};
/* End PBXFrameworksBuildPhase section */

/* Begin PBXGroup section */
		12724D6429429EFB004B3E5F /* Components */ = {
			isa = PBXGroup;
			children = (
				12724D6529429F0C004B3E5F /* Day.swift */,
				12724D672942FFAD004B3E5F /* Week.swift */,
				12724D6B2943076B004B3E5F /* Chart.swift */,
				12724D6D29430997004B3E5F /* Tabs.swift */,
			);
			path = Components;
			sourceTree = "<group>";
		};
		1297579529401C8A00E38BC5 = {
			isa = PBXGroup;
			children = (
				129757A029401C8A00E38BC5 /* Fitkeeping */,
				1297579F29401C8A00E38BC5 /* Products */,
			);
			sourceTree = "<group>";
		};
		1297579F29401C8A00E38BC5 /* Products */ = {
			isa = PBXGroup;
			children = (
				1297579E29401C8A00E38BC5 /* Fitkeeping.app */,
			);
			name = Products;
			sourceTree = "<group>";
		};
		129757A029401C8A00E38BC5 /* Fitkeeping */ = {
			isa = PBXGroup;
			children = (
				129757B229401E4C00E38BC5 /* Utils */,
				129757AF29401CDD00E38BC5 /* Views */,
				129757A129401C8A00E38BC5 /* FitkeepingApp.swift */,
				129757A529401C8B00E38BC5 /* Assets.xcassets */,
				129757A729401C8B00E38BC5 /* Preview Content */,
			);
			path = Fitkeeping;
			sourceTree = "<group>";
		};
		129757A729401C8B00E38BC5 /* Preview Content */ = {
			isa = PBXGroup;
			children = (
				129757A829401C8B00E38BC5 /* Preview Assets.xcassets */,
			);
			path = "Preview Content";
			sourceTree = "<group>";
		};
		129757AF29401CDD00E38BC5 /* Views */ = {
			isa = PBXGroup;
			children = (
				12724D6429429EFB004B3E5F /* Components */,
				129757A329401C8A00E38BC5 /* ContentView.swift */,
				129757B029401CEF00E38BC5 /* HeaderView.swift */,
				129757BB29402D5200E38BC5 /* DashboardView.swift */,
				12724D6F294309D3004B3E5F /* ProfileView.swift */,
			);
			path = Views;
			sourceTree = "<group>";
		};
		129757B229401E4C00E38BC5 /* Utils */ = {
			isa = PBXGroup;
			children = (
				129757B329401E5B00E38BC5 /* Extensions.swift */,
				12724D692943066D004B3E5F /* Objects.swift */,
			);
			path = Utils;
			sourceTree = "<group>";
		};
/* End PBXGroup section */

/* Begin PBXNativeTarget section */
		1297579D29401C8A00E38BC5 /* Fitkeeping */ = {
			isa = PBXNativeTarget;
			buildConfigurationList = 129757AC29401C8B00E38BC5 /* Build configuration list for PBXNativeTarget "Fitkeeping" */;
			buildPhases = (
				1297579A29401C8A00E38BC5 /* Sources */,
				1297579B29401C8A00E38BC5 /* Frameworks */,
				1297579C29401C8A00E38BC5 /* Resources */,
			);
			buildRules = (
			);
			dependencies = (
			);
			name = Fitkeeping;
			productName = Fitkeeping;
			productReference = 1297579E29401C8A00E38BC5 /* Fitkeeping.app */;
			productType = "com.apple.product-type.application";
		};
/* End PBXNativeTarget section */

/* Begin PBXProject section */
		1297579629401C8A00E38BC5 /* Project object */ = {
			isa = PBXProject;
			attributes = {
				BuildIndependentTargetsInParallel = 1;
				LastSwiftUpdateCheck = 1410;
				LastUpgradeCheck = 1410;
				TargetAttributes = {
					1297579D29401C8A00E38BC5 = {
						CreatedOnToolsVersion = 14.1;
					};
				};
			};
			buildConfigurationList = 1297579929401C8A00E38BC5 /* Build configuration list for PBXProject "Fitkeeping" */;
			compatibilityVersion = "Xcode 14.0";
			developmentRegion = en;
			hasScannedForEncodings = 0;
			knownRegions = (
				en,
				Base,
			);
			mainGroup = 1297579529401C8A00E38BC5;
			productRefGroup = 1297579F29401C8A00E38BC5 /* Products */;
			projectDirPath = "";
			projectRoot = "";
			targets = (
				1297579D29401C8A00E38BC5 /* Fitkeeping */,
			);
		};
/* End PBXProject section */

/* Begin PBXResourcesBuildPhase section */
		1297579C29401C8A00E38BC5 /* Resources */ = {
			isa = PBXResourcesBuildPhase;
			buildActionMask = 2147483647;
			files = (
				129757A929401C8B00E38BC5 /* Preview Assets.xcassets in Resources */,
				129757A629401C8B00E38BC5 /* Assets.xcassets in Resources */,
			);
			runOnlyForDeploymentPostprocessing = 0;
		};
/* End PBXResourcesBuildPhase section */

/* Begin PBXSourcesBuildPhase section */
		1297579A29401C8A00E38BC5 /* Sources */ = {
			isa = PBXSourcesBuildPhase;
			buildActionMask = 2147483647;
			files = (
				129757BC29402D5200E38BC5 /* DashboardView.swift in Sources */,
				129757A429401C8A00E38BC5 /* ContentView.swift in Sources */,
				12724D6A2943066D004B3E5F /* Objects.swift in Sources */,
				12724D6E29430997004B3E5F /* Tabs.swift in Sources */,
				12724D682942FFAD004B3E5F /* Week.swift in Sources */,
				12724D6629429F0C004B3E5F /* Day.swift in Sources */,
				12724D6C2943076B004B3E5F /* Chart.swift in Sources */,
				129757B129401CEF00E38BC5 /* HeaderView.swift in Sources */,
				12724D70294309D3004B3E5F /* ProfileView.swift in Sources */,
				129757A229401C8A00E38BC5 /* FitkeepingApp.swift in Sources */,
				129757B429401E5B00E38BC5 /* Extensions.swift in Sources */,
			);
			runOnlyForDeploymentPostprocessing = 0;
		};
/* End PBXSourcesBuildPhase section */

/* Begin XCBuildConfiguration section */
		129757AA29401C8B00E38BC5 /* Debug */ = {
			isa = XCBuildConfiguration;
			buildSettings = {
				ALWAYS_SEARCH_USER_PATHS = NO;
				CLANG_ANALYZER_NONNULL = YES;
				CLANG_ANALYZER_NUMBER_OBJECT_CONVERSION = YES_AGGRESSIVE;
				CLANG_CXX_LANGUAGE_STANDARD = "gnu++20";
				CLANG_ENABLE_MODULES = YES;
				CLANG_ENABLE_OBJC_ARC = YES;
				CLANG_ENABLE_OBJC_WEAK = YES;
				CLANG_WARN_BLOCK_CAPTURE_AUTORELEASING = YES;
				CLANG_WARN_BOOL_CONVERSION = YES;
				CLANG_WARN_COMMA = YES;
				CLANG_WARN_CONSTANT_CONVERSION = YES;
				CLANG_WARN_DEPRECATED_OBJC_IMPLEMENTATIONS = YES;
				CLANG_WARN_DIRECT_OBJC_ISA_USAGE = YES_ERROR;
				CLANG_WARN_DOCUMENTATION_COMMENTS = YES;
				CLANG_WARN_EMPTY_BODY = YES;
				CLANG_WARN_ENUM_CONVERSION = YES;
				CLANG_WARN_INFINITE_RECURSION = YES;
				CLANG_WARN_INT_CONVERSION = YES;
				CLANG_WARN_NON_LITERAL_NULL_CONVERSION = YES;
				CLANG_WARN_OBJC_IMPLICIT_RETAIN_SELF = YES;
				CLANG_WARN_OBJC_LITERAL_CONVERSION = YES;
				CLANG_WARN_OBJC_ROOT_CLASS = YES_ERROR;
				CLANG_WARN_QUOTED_INCLUDE_IN_FRAMEWORK_HEADER = YES;
				CLANG_WARN_RANGE_LOOP_ANALYSIS = YES;
				CLANG_WARN_STRICT_PROTOTYPES = YES;
				CLANG_WARN_SUSPICIOUS_MOVE = YES;
				CLANG_WARN_UNGUARDED_AVAILABILITY = YES_AGGRESSIVE;
				CLANG_WARN_UNREACHABLE_CODE = YES;
				CLANG_WARN__DUPLICATE_METHOD_MATCH = YES;
				COPY_PHASE_STRIP = NO;
				DEBUG_INFORMATION_FORMAT = dwarf;
				ENABLE_STRICT_OBJC_MSGSEND = YES;
				ENABLE_TESTABILITY = YES;
				GCC_C_LANGUAGE_STANDARD = gnu11;
				GCC_DYNAMIC_NO_PIC = NO;
				GCC_NO_COMMON_BLOCKS = YES;
				GCC_OPTIMIZATION_LEVEL = 0;
				GCC_PREPROCESSOR_DEFINITIONS = (
					"DEBUG=1",
					"$(inherited)",
				);
				GCC_WARN_64_TO_32_BIT_CONVERSION = YES;
				GCC_WARN_ABOUT_RETURN_TYPE = YES_ERROR;
				GCC_WARN_UNDECLARED_SELECTOR = YES;
				GCC_WARN_UNINITIALIZED_AUTOS = YES_AGGRESSIVE;
				GCC_WARN_UNUSED_FUNCTION = YES;
				GCC_WARN_UNUSED_VARIABLE = YES;
				INFOPLIST_KEY_UIUserInterfaceStyle = Dark;
				IPHONEOS_DEPLOYMENT_TARGET = 16.1;
				MTL_ENABLE_DEBUG_INFO = INCLUDE_SOURCE;
				MTL_FAST_MATH = YES;
				ONLY_ACTIVE_ARCH = YES;
				SDKROOT = iphoneos;
				SWIFT_ACTIVE_COMPILATION_CONDITIONS = DEBUG;
				SWIFT_OPTIMIZATION_LEVEL = "-Onone";
			};
			name = Debug;
		};
		129757AB29401C8B00E38BC5 /* Release */ = {
			isa = XCBuildConfiguration;
			buildSettings = {
				ALWAYS_SEARCH_USER_PATHS = NO;
				CLANG_ANALYZER_NONNULL = YES;
				CLANG_ANALYZER_NUMBER_OBJECT_CONVERSION = YES_AGGRESSIVE;
				CLANG_CXX_LANGUAGE_STANDARD = "gnu++20";
				CLANG_ENABLE_MODULES = YES;
				CLANG_ENABLE_OBJC_ARC = YES;
				CLANG_ENABLE_OBJC_WEAK = YES;
				CLANG_WARN_BLOCK_CAPTURE_AUTORELEASING = YES;
				CLANG_WARN_BOOL_CONVERSION = YES;
				CLANG_WARN_COMMA = YES;
				CLANG_WARN_CONSTANT_CONVERSION = YES;
				CLANG_WARN_DEPRECATED_OBJC_IMPLEMENTATIONS = YES;
				CLANG_WARN_DIRECT_OBJC_ISA_USAGE = YES_ERROR;
				CLANG_WARN_DOCUMENTATION_COMMENTS = YES;
				CLANG_WARN_EMPTY_BODY = YES;
				CLANG_WARN_ENUM_CONVERSION = YES;
				CLANG_WARN_INFINITE_RECURSION = YES;
				CLANG_WARN_INT_CONVERSION = YES;
				CLANG_WARN_NON_LITERAL_NULL_CONVERSION = YES;
				CLANG_WARN_OBJC_IMPLICIT_RETAIN_SELF = YES;
				CLANG_WARN_OBJC_LITERAL_CONVERSION = YES;
				CLANG_WARN_OBJC_ROOT_CLASS = YES_ERROR;
				CLANG_WARN_QUOTED_INCLUDE_IN_FRAMEWORK_HEADER = YES;
				CLANG_WARN_RANGE_LOOP_ANALYSIS = YES;
				CLANG_WARN_STRICT_PROTOTYPES = YES;
				CLANG_WARN_SUSPICIOUS_MOVE = YES;
				CLANG_WARN_UNGUARDED_AVAILABILITY = YES_AGGRESSIVE;
				CLANG_WARN_UNREACHABLE_CODE = YES;
				CLANG_WARN__DUPLICATE_METHOD_MATCH = YES;
				COPY_PHASE_STRIP = NO;
				DEBUG_INFORMATION_FORMAT = "dwarf-with-dsym";
				ENABLE_NS_ASSERTIONS = NO;
				ENABLE_STRICT_OBJC_MSGSEND = YES;
				GCC_C_LANGUAGE_STANDARD = gnu11;
				GCC_NO_COMMON_BLOCKS = YES;
				GCC_WARN_64_TO_32_BIT_CONVERSION = YES;
				GCC_WARN_ABOUT_RETURN_TYPE = YES_ERROR;
				GCC_WARN_UNDECLARED_SELECTOR = YES;
				GCC_WARN_UNINITIALIZED_AUTOS = YES_AGGRESSIVE;
				GCC_WARN_UNUSED_FUNCTION = YES;
				GCC_WARN_UNUSED_VARIABLE = YES;
				INFOPLIST_KEY_UIUserInterfaceStyle = Dark;
				IPHONEOS_DEPLOYMENT_TARGET = 16.1;
				MTL_ENABLE_DEBUG_INFO = NO;
				MTL_FAST_MATH = YES;
				SDKROOT = iphoneos;
				SWIFT_COMPILATION_MODE = wholemodule;
				SWIFT_OPTIMIZATION_LEVEL = "-O";
				VALIDATE_PRODUCT = YES;
			};
			name = Release;
		};
		129757AD29401C8B00E38BC5 /* Debug */ = {
			isa = XCBuildConfiguration;
			buildSettings = {
				ASSETCATALOG_COMPILER_APPICON_NAME = AppIcon;
				ASSETCATALOG_COMPILER_GLOBAL_ACCENT_COLOR_NAME = AccentColor;
				CODE_SIGN_STYLE = Automatic;
				CURRENT_PROJECT_VERSION = 1;
				DEVELOPMENT_ASSET_PATHS = "\"Fitkeeping/Preview Content\"";
				ENABLE_PREVIEWS = YES;
				GENERATE_INFOPLIST_FILE = YES;
				INFOPLIST_KEY_LSApplicationCategoryType = "public.app-category.healthcare-fitness";
				INFOPLIST_KEY_UIApplicationSceneManifest_Generation = YES;
				INFOPLIST_KEY_UIApplicationSupportsIndirectInputEvents = YES;
				INFOPLIST_KEY_UILaunchScreen_Generation = YES;
				INFOPLIST_KEY_UISupportedInterfaceOrientations = UIInterfaceOrientationPortrait;
				LD_RUNPATH_SEARCH_PATHS = (
					"$(inherited)",
					"@executable_path/Frameworks",
				);
				MARKETING_VERSION = 1.0;
				PRODUCT_BUNDLE_IDENTIFIER = Plezo.Fitkeeping;
				PRODUCT_NAME = "$(TARGET_NAME)";
				SWIFT_EMIT_LOC_STRINGS = YES;
				SWIFT_VERSION = 5.0;
				TARGETED_DEVICE_FAMILY = "1,2";
			};
			name = Debug;
		};
		129757AE29401C8B00E38BC5 /* Release */ = {
			isa = XCBuildConfiguration;
			buildSettings = {
				ASSETCATALOG_COMPILER_APPICON_NAME = AppIcon;
				ASSETCATALOG_COMPILER_GLOBAL_ACCENT_COLOR_NAME = AccentColor;
				CODE_SIGN_STYLE = Automatic;
				CURRENT_PROJECT_VERSION = 1;
				DEVELOPMENT_ASSET_PATHS = "\"Fitkeeping/Preview Content\"";
				ENABLE_PREVIEWS = YES;
				GENERATE_INFOPLIST_FILE = YES;
				INFOPLIST_KEY_LSApplicationCategoryType = "public.app-category.healthcare-fitness";
				INFOPLIST_KEY_UIApplicationSceneManifest_Generation = YES;
				INFOPLIST_KEY_UIApplicationSupportsIndirectInputEvents = YES;
				INFOPLIST_KEY_UILaunchScreen_Generation = YES;
				INFOPLIST_KEY_UISupportedInterfaceOrientations = UIInterfaceOrientationPortrait;
				LD_RUNPATH_SEARCH_PATHS = (
					"$(inherited)",
					"@executable_path/Frameworks",
				);
				MARKETING_VERSION = 1.0;
				PRODUCT_BUNDLE_IDENTIFIER = Plezo.Fitkeeping;
				PRODUCT_NAME = "$(TARGET_NAME)";
				SWIFT_EMIT_LOC_STRINGS = YES;
				SWIFT_VERSION = 5.0;
				TARGETED_DEVICE_FAMILY = "1,2";
			};
			name = Release;
		};
/* End XCBuildConfiguration section */

/* Begin XCConfigurationList section */
		1297579929401C8A00E38BC5 /* Build configuration list for PBXProject "Fitkeeping" */ = {
			isa = XCConfigurationList;
			buildConfigurations = (
				129757AA29401C8B00E38BC5 /* Debug */,
				129757AB29401C8B00E38BC5 /* Release */,
			);
			defaultConfigurationIsVisible = 0;
			defaultConfigurationName = Release;
		};
		129757AC29401C8B00E38BC5 /* Build configuration list for PBXNativeTarget "Fitkeeping" */ = {
			isa = XCConfigurationList;
			buildConfigurations = (
				129757AD29401C8B00E38BC5 /* Debug */,
				129757AE29401C8B00E38BC5 /* Release */,
			);
			defaultConfigurationIsVisible = 0;
			defaultConfigurationName = Release;
		};
/* End XCConfigurationList section */
	};
	rootObject = 1297579629401C8A00E38BC5 /* Project object */;
}
